{
  "version": 4,
  "terraform_version": "1.15.3",
  "serial": 9,
  "lineage": "17993a28-08fd-2b92-4e8f-3122f8b80545",
  "outputs": {
    "error_spike_alert_id": {
      "value": "593889",
      "type": "string"
    },
    "new_issue_alert_id": {
      "value": "593888",
      "type": "string"
    }
  },
  "resources": [
    {
      "mode": "managed",
      "type": "sentry_issue_alert",
      "name": "error_spike",
      "provider": "provider[\"registry.terraform.io/jianyuan/sentry\"]",
      "instances": [
        {
          "schema_version": 2,
          "attributes": {
            "action_match": "all",
            "actions": null,
            "actions_v2": [
              {
                "azure_devops_create_ticket": null,
                "discord_notify_service": null,
                "github_create_ticket": null,
                "github_enterprise_create_ticket": null,
                "jira_create_ticket": null,
                "jira_server_create_ticket": null,
                "msteams_notify_service": null,
                "notify_email": {
                  "fallthrough_type": "AllMembers",
                  "name": "Send a notification to IssueOwners and if none can be found then send a notification to AllMembers",
                  "target_identifier": null,
                  "target_type": "IssueOwners"
                },
                "notify_event": null,
                "notify_event_sentry_app": null,
                "notify_event_service": null,
                "opsgenie_notify_team": null,
                "pagerduty_notify_service": null,
                "slack_notify_service": null
              }
            ],
            "conditions": null,
            "conditions_v2": [
              {
                "event_frequency": {
                  "comparison_interval": null,
                  "comparison_type": "count",
                  "interval": "5m",
                  "name": "The issue is seen more than 10 times in 5m",
                  "value": 10
                },
                "event_frequency_percent": null,
                "event_unique_user_frequency": null,
                "existing_high_priority_issue": null,
                "first_seen_event": null,
                "new_high_priority_issue": null,
                "reappeared_event": null,
                "regression_event": null
              }
            ],
            "environment": null,
            "filter_match": "all",
            "filters": null,
            "filters_v2": [],
            "frequency": 60,
            "id": "593889",
            "name": "Error spike \u003e 10 in 5 min",
            "organization": "be-consult",
            "owner": null,
            "project": "mydd-backend"
          },
          "sensitive_attributes": [],
          "identity_schema_version": 0
        }
      ]
    },
    {
      "mode": "managed",
      "type": "sentry_issue_alert",
      "name": "new_issue",
      "provider": "provider[\"registry.terraform.io/jianyuan/sentry\"]",
      "instances": [
        {
          "schema_version": 2,
          "attributes": {
            "action_match": "all",
            "actions": null,
            "actions_v2": [
              {
                "azure_devops_create_ticket": null,
                "discord_notify_service": null,
                "github_create_ticket": null,
                "github_enterprise_create_ticket": null,
                "jira_create_ticket": null,
                "jira_server_create_ticket": null,
                "msteams_notify_service": null,
                "notify_email": {
                  "fallthrough_type": "AllMembers",
                  "name": "Send a notification to IssueOwners and if none can be found then send a notification to AllMembers",
                  "target_identifier": null,
                  "target_type": "IssueOwners"
                },
                "notify_event": null,
                "notify_event_sentry_app": null,
                "notify_event_service": null,
                "opsgenie_notify_team": null,
                "pagerduty_notify_service": null,
                "slack_notify_service": null
              }
            ],
            "conditions": null,
            "conditions_v2": [
              {
                "event_frequency": null,
                "event_frequency_percent": null,
                "event_unique_user_frequency": null,
                "existing_high_priority_issue": null,
                "first_seen_event": {
                  "name": "A new issue is created"
                },
                "new_high_priority_issue": null,
                "reappeared_event": null,
                "regression_event": null
              }
            ],
            "environment": null,
            "filter_match": "all",
            "filters": null,
            "filters_v2": [],
            "frequency": 60,
            "id": "593888",
            "name": "New issue — first occurrence",
            "organization": "be-consult",
            "owner": null,
            "project": "mydd-backend"
          },
          "sensitive_attributes": [],
          "identity_schema_version": 0
        }
      ]
    }
  ],
  "check_results": null
}
