{
  "version": 4,
  "terraform_version": "1.15.3",
  "serial": 6,
  "lineage": "17993a28-08fd-2b92-4e8f-3122f8b80545",
  "outputs": {
    "error_spike_alert_id": {
      "value": "593889",
      "type": "string"
    },
    "new_issue_alert_id": {
      "value": "593888",
      "type": "string"
    },
    "p95_latency_alert_id": {
      "value": null,
      "type": "string"
    }
  },
  "resources": [
    {
      "mode": "managed",
      "type": "sentry_issue_alert",
      "name": "error_spike",
      "provider": "provider[\"registry.terraform.io/jianyuan/sentry\"]",
      "instances": [
        {
          "schema_version": 2,
          "attributes": {
            "action_match": "all",
            "actions": null,
            "actions_v2": null,
            "conditions": null,
            "conditions_v2": null,
            "environment": null,
            "filter_match": "all",
            "filters": null,
            "filters_v2": null,
            "frequency": 60,
            "id": "593889",
            "name": "Error spike \u003e 10 in 5 min",
            "organization": "be-consult",
            "owner": null,
            "project": "mydd-backend"
          },
          "sensitive_attributes": [],
          "identity_schema_version": 0
        }
      ]
    },
    {
      "mode": "managed",
      "type": "sentry_issue_alert",
      "name": "new_issue",
      "provider": "provider[\"registry.terraform.io/jianyuan/sentry\"]",
      "instances": [
        {
          "schema_version": 2,
          "attributes": {
            "action_match": "all",
            "actions": null,
            "actions_v2": null,
            "conditions": null,
            "conditions_v2": null,
            "environment": null,
            "filter_match": "all",
            "filters": null,
            "filters_v2": null,
            "frequency": 60,
            "id": "593888",
            "name": "New issue — first occurrence",
            "organization": "be-consult",
            "owner": null,
            "project": "mydd-backend"
          },
          "sensitive_attributes": [],
          "identity_schema_version": 0
        }
      ]
    }
  ],
  "check_results": null
}
